
Microsoft Visual Studio Solution File, Format Version 12.00
# Visual Studio Version 16
VisualStudioVersion = 16.0.30114.105
MinimumVisualStudioVersion = 10.0.40219.1
Project("{FAE04EC0-301F-11D3-BF4B-00C04F79EFBC}") = "miloRPC.Core", "miloRPC.Core\miloRPC.Core.csproj", "{520E44DB-D0B0-4FB4-A49E-4127FAEDF5E8}"
EndProject
Project("{FAE04EC0-301F-11D3-BF4B-00C04F79EFBC}") = "examples", "examples\examples.csproj", "{725F8F56-2E42-434D-98A0-F4C58CDD729B}"
EndProject
Project("{FAE04EC0-301F-11D3-BF4B-00C04F79EFBC}") = "tests", "tests\tests.csproj", "{8EAA6776-B577-4CFB-B2A0-547FAC3DBC83}"
EndProject
Project("{FAE04EC0-301F-11D3-BF4B-00C04F79EFBC}") = "miloRPC.Serialization", "miloRPC.Serialization\miloRPC.Serialization.csproj", "{321ECDAC-1EC8-4C6C-B112-A618FB004C92}"
EndProject
Project("{FAE04EC0-301F-11D3-BF4B-00C04F79EFBC}") = "miloRPC.Channels.Tcp", "miloRPC.Channels.Tcp\miloRPC.Channels.Tcp.csproj", "{CBF6E1C0-3D25-4388-A940-5455FFF7C296}"
EndProject
Project("{FAE04EC0-301F-11D3-BF4B-00C04F79EFBC}") = "miloRPC.Channels.Quic", "miloRPC.Channels.Quic\miloRPC.Channels.Quic.csproj", "{68B72EEE-858B-40BC-AA3E-2F9F21D112B6}"
EndProject
Project("{FAE04EC0-301F-11D3-BF4B-00C04F79EFBC}") = "miloworkbench", "miloworkbench\miloworkbench.csproj", "{618EC909-09CC-400B-A237-154BD7F05BC2}"
EndProject
Global
	GlobalSection(SolutionConfigurationPlatforms) = preSolution
		Debug|Any CPU = Debug|Any CPU
		Release|Any CPU = Release|Any CPU
	EndGlobalSection
	GlobalSection(SolutionProperties) = preSolution
		HideSolutionNode = FALSE
	EndGlobalSection
	GlobalSection(ProjectConfigurationPlatforms) = postSolution
		{520E44DB-D0B0-4FB4-A49E-4127FAEDF5E8}.Debug|Any CPU.ActiveCfg = Debug|Any CPU
		{520E44DB-D0B0-4FB4-A49E-4127FAEDF5E8}.Debug|Any CPU.Build.0 = Debug|Any CPU
		{520E44DB-D0B0-4FB4-A49E-4127FAEDF5E8}.Release|Any CPU.ActiveCfg = Release|Any CPU
		{520E44DB-D0B0-4FB4-A49E-4127FAEDF5E8}.Release|Any CPU.Build.0 = Release|Any CPU
		{725F8F56-2E42-434D-98A0-F4C58CDD729B}.Debug|Any CPU.ActiveCfg = Debug|Any CPU
		{725F8F56-2E42-434D-98A0-F4C58CDD729B}.Debug|Any CPU.Build.0 = Debug|Any CPU
		{725F8F56-2E42-434D-98A0-F4C58CDD729B}.Release|Any CPU.ActiveCfg = Release|Any CPU
		{725F8F56-2E42-434D-98A0-F4C58CDD729B}.Release|Any CPU.Build.0 = Release|Any CPU
		{8EAA6776-B577-4CFB-B2A0-547FAC3DBC83}.Debug|Any CPU.ActiveCfg = Debug|Any CPU
		{8EAA6776-B577-4CFB-B2A0-547FAC3DBC83}.Debug|Any CPU.Build.0 = Debug|Any CPU
		{8EAA6776-B577-4CFB-B2A0-547FAC3DBC83}.Release|Any CPU.ActiveCfg = Release|Any CPU
		{8EAA6776-B577-4CFB-B2A0-547FAC3DBC83}.Release|Any CPU.Build.0 = Release|Any CPU
		{321ECDAC-1EC8-4C6C-B112-A618FB004C92}.Debug|Any CPU.ActiveCfg = Debug|Any CPU
		{321ECDAC-1EC8-4C6C-B112-A618FB004C92}.Debug|Any CPU.Build.0 = Debug|Any CPU
		{321ECDAC-1EC8-4C6C-B112-A618FB004C92}.Release|Any CPU.ActiveCfg = Release|Any CPU
		{321ECDAC-1EC8-4C6C-B112-A618FB004C92}.Release|Any CPU.Build.0 = Release|Any CPU
		{CBF6E1C0-3D25-4388-A940-5455FFF7C296}.Debug|Any CPU.ActiveCfg = Debug|Any CPU
		{CBF6E1C0-3D25-4388-A940-5455FFF7C296}.Debug|Any CPU.Build.0 = Debug|Any CPU
		{CBF6E1C0-3D25-4388-A940-5455FFF7C296}.Release|Any CPU.ActiveCfg = Release|Any CPU
		{CBF6E1C0-3D25-4388-A940-5455FFF7C296}.Release|Any CPU.Build.0 = Release|Any CPU
		{68B72EEE-858B-40BC-AA3E-2F9F21D112B6}.Debug|Any CPU.ActiveCfg = Debug|Any CPU
		{68B72EEE-858B-40BC-AA3E-2F9F21D112B6}.Debug|Any CPU.Build.0 = Debug|Any CPU
		{68B72EEE-858B-40BC-AA3E-2F9F21D112B6}.Release|Any CPU.ActiveCfg = Release|Any CPU
		{68B72EEE-858B-40BC-AA3E-2F9F21D112B6}.Release|Any CPU.Build.0 = Release|Any CPU
		{618EC909-09CC-400B-A237-154BD7F05BC2}.Debug|Any CPU.ActiveCfg = Debug|Any CPU
		{618EC909-09CC-400B-A237-154BD7F05BC2}.Debug|Any CPU.Build.0 = Debug|Any CPU
		{618EC909-09CC-400B-A237-154BD7F05BC2}.Release|Any CPU.ActiveCfg = Release|Any CPU
		{618EC909-09CC-400B-A237-154BD7F05BC2}.Release|Any CPU.Build.0 = Release|Any CPU
	EndGlobalSection
EndGlobal
